
Microsoft Visual Studio Solution File, Format Version 12.00
# Visual Studio Version 17
Project("{2150E333-8FDC-42A3-9474-1A3956D46DE8}") = "PhysX", "PhysX", "{882A1F17-F4DF-970C-7DD4-91E3E9888E10}"
EndProject
Project("{8BC9CEB8-8B4A-11D0-8D11-00A0C91BC942}") = "FastXml", "FastXml.vcxproj", "{E4C1D2FA-50A1-5196-59B9-DC6CC517B8F7}"
EndProject
Project("{8BC9CEB8-8B4A-11D0-8D11-00A0C91BC942}") = "LowLevel", "LowLevel.vcxproj", "{4F63ED1A-3B30-4826-6449-36CE50757DB4}"
EndProject
Project("{8BC9CEB8-8B4A-11D0-8D11-00A0C91BC942}") = "LowLevelAABB", "LowLevelAABB.vcxproj", "{B534A1CE-A197-3073-4A1D-6929365FFCF5}"
EndProject
Project("{8BC9CEB8-8B4A-11D0-8D11-00A0C91BC942}") = "LowLevelDynamics", "LowLevelDynamics.vcxproj", "{87D47AF5-73CD-9947-9CFF-7ECC88577953}"
EndProject
Project("{8BC9CEB8-8B4A-11D0-8D11-00A0C91BC942}") = "PhysX", "PhysX.vcxproj", "{C1C1E10D-2DD6-09BF-F657-AD1E622B06F0}"
EndProject
Project("{8BC9CEB8-8B4A-11D0-8D11-00A0C91BC942}") = "PhysXCharacterKinematic", "PhysXCharacterKinematic.vcxproj", "{83304542-EF67-8DD9-F871-F1FC6428B4D2}"
EndProject
Project("{8BC9CEB8-8B4A-11D0-8D11-00A0C91BC942}") = "PhysXCommon", "PhysXCommon.vcxproj", "{4A347687-B6E9-EE7C-3FDE-E853AB92E580}"
EndProject
Project("{8BC9CEB8-8B4A-11D0-8D11-00A0C91BC942}") = "PhysXCooking", "PhysXCooking.vcxproj", "{ABBC5F76-971F-EF1A-40A5-27D12CE7BA9D}"
EndProject
Project("{8BC9CEB8-8B4A-11D0-8D11-00A0C91BC942}") = "PhysXExtensions", "PhysXExtensions.vcxproj", "{311D5C31-9DA8-C9F5-A6B9-4CEA12C425F6}"
EndProject
Project("{8BC9CEB8-8B4A-11D0-8D11-00A0C91BC942}") = "PhysXFoundation", "PhysXFoundation.vcxproj", "{584C81A5-C4D7-EE69-CDE8-715E39F34A6A}"
EndProject
Project("{8BC9CEB8-8B4A-11D0-8D11-00A0C91BC942}") = "PhysXPvdSDK", "PhysXPvdSDK.vcxproj", "{4D8C42A6-B941-BB9B-4236-B572AEEAB19F}"
EndProject
Project("{8BC9CEB8-8B4A-11D0-8D11-00A0C91BC942}") = "PhysXTask", "PhysXTask.vcxproj", "{F475AEC8-60E0-623F-A91E-14E515C84094}"
EndProject
Project("{8BC9CEB8-8B4A-11D0-8D11-00A0C91BC942}") = "PhysXVehicle", "PhysXVehicle.vcxproj", "{A1CA1E15-8D2D-AEB9-36B3-E66F22F5793C}"
EndProject
Project("{8BC9CEB8-8B4A-11D0-8D11-00A0C91BC942}") = "SceneQuery", "SceneQuery.vcxproj", "{89654ECC-751D-9019-DE24-6975CAFB2A0A}"
EndProject
Project("{8BC9CEB8-8B4A-11D0-8D11-00A0C91BC942}") = "SimulationController", "SimulationController.vcxproj", "{AEFD6AD8-9A8C-F4A1-43AB-089D2F190548}"
EndProject
Global
	GlobalSection(SolutionConfigurationPlatforms) = preSolution
		Debug|x64 = Debug|x64
		Dist|x64 = Dist|x64
		Release|x64 = Release|x64
	EndGlobalSection
	GlobalSection(ProjectConfigurationPlatforms) = postSolution
		{E4C1D2FA-50A1-5196-59B9-DC6CC517B8F7}.Debug|x64.ActiveCfg = Debug|x64
		{E4C1D2FA-50A1-5196-59B9-DC6CC517B8F7}.Debug|x64.Build.0 = Debug|x64
		{E4C1D2FA-50A1-5196-59B9-DC6CC517B8F7}.Dist|x64.ActiveCfg = Dist|x64
		{E4C1D2FA-50A1-5196-59B9-DC6CC517B8F7}.Dist|x64.Build.0 = Dist|x64
		{E4C1D2FA-50A1-5196-59B9-DC6CC517B8F7}.Release|x64.ActiveCfg = Release|x64
		{E4C1D2FA-50A1-5196-59B9-DC6CC517B8F7}.Release|x64.Build.0 = Release|x64
		{4F63ED1A-3B30-4826-6449-36CE50757DB4}.Debug|x64.ActiveCfg = Debug|x64
		{4F63ED1A-3B30-4826-6449-36CE50757DB4}.Debug|x64.Build.0 = Debug|x64
		{4F63ED1A-3B30-4826-6449-36CE50757DB4}.Dist|x64.ActiveCfg = Dist|x64
		{4F63ED1A-3B30-4826-6449-36CE50757DB4}.Dist|x64.Build.0 = Dist|x64
		{4F63ED1A-3B30-4826-6449-36CE50757DB4}.Release|x64.ActiveCfg = Release|x64
		{4F63ED1A-3B30-4826-6449-36CE50757DB4}.Release|x64.Build.0 = Release|x64
		{B534A1CE-A197-3073-4A1D-6929365FFCF5}.Debug|x64.ActiveCfg = Debug|x64
		{B534A1CE-A197-3073-4A1D-6929365FFCF5}.Debug|x64.Build.0 = Debug|x64
		{B534A1CE-A197-3073-4A1D-6929365FFCF5}.Dist|x64.ActiveCfg = Dist|x64
		{B534A1CE-A197-3073-4A1D-6929365FFCF5}.Dist|x64.Build.0 = Dist|x64
		{B534A1CE-A197-3073-4A1D-6929365FFCF5}.Release|x64.ActiveCfg = Release|x64
		{B534A1CE-A197-3073-4A1D-6929365FFCF5}.Release|x64.Build.0 = Release|x64
		{87D47AF5-73CD-9947-9CFF-7ECC88577953}.Debug|x64.ActiveCfg = Debug|x64
		{87D47AF5-73CD-9947-9CFF-7ECC88577953}.Debug|x64.Build.0 = Debug|x64
		{87D47AF5-73CD-9947-9CFF-7ECC88577953}.Dist|x64.ActiveCfg = Dist|x64
		{87D47AF5-73CD-9947-9CFF-7ECC88577953}.Dist|x64.Build.0 = Dist|x64
		{87D47AF5-73CD-9947-9CFF-7ECC88577953}.Release|x64.ActiveCfg = Release|x64
		{87D47AF5-73CD-9947-9CFF-7ECC88577953}.Release|x64.Build.0 = Release|x64
		{C1C1E10D-2DD6-09BF-F657-AD1E622B06F0}.Debug|x64.ActiveCfg = Debug|x64
		{C1C1E10D-2DD6-09BF-F657-AD1E622B06F0}.Debug|x64.Build.0 = Debug|x64
		{C1C1E10D-2DD6-09BF-F657-AD1E622B06F0}.Dist|x64.ActiveCfg = Dist|x64
		{C1C1E10D-2DD6-09BF-F657-AD1E622B06F0}.Dist|x64.Build.0 = Dist|x64
		{C1C1E10D-2DD6-09BF-F657-AD1E622B06F0}.Release|x64.ActiveCfg = Release|x64
		{C1C1E10D-2DD6-09BF-F657-AD1E622B06F0}.Release|x64.Build.0 = Release|x64
		{83304542-EF67-8DD9-F871-F1FC6428B4D2}.Debug|x64.ActiveCfg = Debug|x64
		{83304542-EF67-8DD9-F871-F1FC6428B4D2}.Debug|x64.Build.0 = Debug|x64
		{83304542-EF67-8DD9-F871-F1FC6428B4D2}.Dist|x64.ActiveCfg = Dist|x64
		{83304542-EF67-8DD9-F871-F1FC6428B4D2}.Dist|x64.Build.0 = Dist|x64
		{83304542-EF67-8DD9-F871-F1FC6428B4D2}.Release|x64.ActiveCfg = Release|x64
		{83304542-EF67-8DD9-F871-F1FC6428B4D2}.Release|x64.Build.0 = Release|x64
		{4A347687-B6E9-EE7C-3FDE-E853AB92E580}.Debug|x64.ActiveCfg = Debug|x64
		{4A347687-B6E9-EE7C-3FDE-E853AB92E580}.Debug|x64.Build.0 = Debug|x64
		{4A347687-B6E9-EE7C-3FDE-E853AB92E580}.Dist|x64.ActiveCfg = Dist|x64
		{4A347687-B6E9-EE7C-3FDE-E853AB92E580}.Dist|x64.Build.0 = Dist|x64
		{4A347687-B6E9-EE7C-3FDE-E853AB92E580}.Release|x64.ActiveCfg = Release|x64
		{4A347687-B6E9-EE7C-3FDE-E853AB92E580}.Release|x64.Build.0 = Release|x64
		{ABBC5F76-971F-EF1A-40A5-27D12CE7BA9D}.Debug|x64.ActiveCfg = Debug|x64
		{ABBC5F76-971F-EF1A-40A5-27D12CE7BA9D}.Debug|x64.Build.0 = Debug|x64
		{ABBC5F76-971F-EF1A-40A5-27D12CE7BA9D}.Dist|x64.ActiveCfg = Dist|x64
		{ABBC5F76-971F-EF1A-40A5-27D12CE7BA9D}.Dist|x64.Build.0 = Dist|x64
		{ABBC5F76-971F-EF1A-40A5-27D12CE7BA9D}.Release|x64.ActiveCfg = Release|x64
		{ABBC5F76-971F-EF1A-40A5-27D12CE7BA9D}.Release|x64.Build.0 = Release|x64
		{311D5C31-9DA8-C9F5-A6B9-4CEA12C425F6}.Debug|x64.ActiveCfg = Debug|x64
		{311D5C31-9DA8-C9F5-A6B9-4CEA12C425F6}.Debug|x64.Build.0 = Debug|x64
		{311D5C31-9DA8-C9F5-A6B9-4CEA12C425F6}.Dist|x64.ActiveCfg = Dist|x64
		{311D5C31-9DA8-C9F5-A6B9-4CEA12C425F6}.Dist|x64.Build.0 = Dist|x64
		{311D5C31-9DA8-C9F5-A6B9-4CEA12C425F6}.Release|x64.ActiveCfg = Release|x64
		{311D5C31-9DA8-C9F5-A6B9-4CEA12C425F6}.Release|x64.Build.0 = Release|x64
		{584C81A5-C4D7-EE69-CDE8-715E39F34A6A}.Debug|x64.ActiveCfg = Debug|x64
		{584C81A5-C4D7-EE69-CDE8-715E39F34A6A}.Debug|x64.Build.0 = Debug|x64
		{584C81A5-C4D7-EE69-CDE8-715E39F34A6A}.Dist|x64.ActiveCfg = Dist|x64
		{584C81A5-C4D7-EE69-CDE8-715E39F34A6A}.Dist|x64.Build.0 = Dist|x64
		{584C81A5-C4D7-EE69-CDE8-715E39F34A6A}.Release|x64.ActiveCfg = Release|x64
		{584C81A5-C4D7-EE69-CDE8-715E39F34A6A}.Release|x64.Build.0 = Release|x64
		{4D8C42A6-B941-BB9B-4236-B572AEEAB19F}.Debug|x64.ActiveCfg = Debug|x64
		{4D8C42A6-B941-BB9B-4236-B572AEEAB19F}.Debug|x64.Build.0 = Debug|x64
		{4D8C42A6-B941-BB9B-4236-B572AEEAB19F}.Dist|x64.ActiveCfg = Dist|x64
		{4D8C42A6-B941-BB9B-4236-B572AEEAB19F}.Dist|x64.Build.0 = Dist|x64
		{4D8C42A6-B941-BB9B-4236-B572AEEAB19F}.Release|x64.ActiveCfg = Release|x64
		{4D8C42A6-B941-BB9B-4236-B572AEEAB19F}.Release|x64.Build.0 = Release|x64
		{F475AEC8-60E0-623F-A91E-14E515C84094}.Debug|x64.ActiveCfg = Debug|x64
		{F475AEC8-60E0-623F-A91E-14E515C84094}.Debug|x64.Build.0 = Debug|x64
		{F475AEC8-60E0-623F-A91E-14E515C84094}.Dist|x64.ActiveCfg = Dist|x64
		{F475AEC8-60E0-623F-A91E-14E515C84094}.Dist|x64.Build.0 = Dist|x64
		{F475AEC8-60E0-623F-A91E-14E515C84094}.Release|x64.ActiveCfg = Release|x64
		{F475AEC8-60E0-623F-A91E-14E515C84094}.Release|x64.Build.0 = Release|x64
		{A1CA1E15-8D2D-AEB9-36B3-E66F22F5793C}.Debug|x64.ActiveCfg = Debug|x64
		{A1CA1E15-8D2D-AEB9-36B3-E66F22F5793C}.Debug|x64.Build.0 = Debug|x64
		{A1CA1E15-8D2D-AEB9-36B3-E66F22F5793C}.Dist|x64.ActiveCfg = Dist|x64
		{A1CA1E15-8D2D-AEB9-36B3-E66F22F5793C}.Dist|x64.Build.0 = Dist|x64
		{A1CA1E15-8D2D-AEB9-36B3-E66F22F5793C}.Release|x64.ActiveCfg = Release|x64
		{A1CA1E15-8D2D-AEB9-36B3-E66F22F5793C}.Release|x64.Build.0 = Release|x64
		{89654ECC-751D-9019-DE24-6975CAFB2A0A}.Debug|x64.ActiveCfg = Debug|x64
		{89654ECC-751D-9019-DE24-6975CAFB2A0A}.Debug|x64.Build.0 = Debug|x64
		{89654ECC-751D-9019-DE24-6975CAFB2A0A}.Dist|x64.ActiveCfg = Dist|x64
		{89654ECC-751D-9019-DE24-6975CAFB2A0A}.Dist|x64.Build.0 = Dist|x64
		{89654ECC-751D-9019-DE24-6975CAFB2A0A}.Release|x64.ActiveCfg = Release|x64
		{89654ECC-751D-9019-DE24-6975CAFB2A0A}.Release|x64.Build.0 = Release|x64
		{AEFD6AD8-9A8C-F4A1-43AB-089D2F190548}.Debug|x64.ActiveCfg = Debug|x64
		{AEFD6AD8-9A8C-F4A1-43AB-089D2F190548}.Debug|x64.Build.0 = Debug|x64
		{AEFD6AD8-9A8C-F4A1-43AB-089D2F190548}.Dist|x64.ActiveCfg = Dist|x64
		{AEFD6AD8-9A8C-F4A1-43AB-089D2F190548}.Dist|x64.Build.0 = Dist|x64
		{AEFD6AD8-9A8C-F4A1-43AB-089D2F190548}.Release|x64.ActiveCfg = Release|x64
		{AEFD6AD8-9A8C-F4A1-43AB-089D2F190548}.Release|x64.Build.0 = Release|x64
	EndGlobalSection
	GlobalSection(SolutionProperties) = preSolution
		HideSolutionNode = FALSE
	EndGlobalSection
	GlobalSection(NestedProjects) = preSolution
		{E4C1D2FA-50A1-5196-59B9-DC6CC517B8F7} = {882A1F17-F4DF-970C-7DD4-91E3E9888E10}
		{4F63ED1A-3B30-4826-6449-36CE50757DB4} = {882A1F17-F4DF-970C-7DD4-91E3E9888E10}
		{B534A1CE-A197-3073-4A1D-6929365FFCF5} = {882A1F17-F4DF-970C-7DD4-91E3E9888E10}
		{87D47AF5-73CD-9947-9CFF-7ECC88577953} = {882A1F17-F4DF-970C-7DD4-91E3E9888E10}
		{C1C1E10D-2DD6-09BF-F657-AD1E622B06F0} = {882A1F17-F4DF-970C-7DD4-91E3E9888E10}
		{83304542-EF67-8DD9-F871-F1FC6428B4D2} = {882A1F17-F4DF-970C-7DD4-91E3E9888E10}
		{4A347687-B6E9-EE7C-3FDE-E853AB92E580} = {882A1F17-F4DF-970C-7DD4-91E3E9888E10}
		{ABBC5F76-971F-EF1A-40A5-27D12CE7BA9D} = {882A1F17-F4DF-970C-7DD4-91E3E9888E10}
		{311D5C31-9DA8-C9F5-A6B9-4CEA12C425F6} = {882A1F17-F4DF-970C-7DD4-91E3E9888E10}
		{584C81A5-C4D7-EE69-CDE8-715E39F34A6A} = {882A1F17-F4DF-970C-7DD4-91E3E9888E10}
		{4D8C42A6-B941-BB9B-4236-B572AEEAB19F} = {882A1F17-F4DF-970C-7DD4-91E3E9888E10}
		{F475AEC8-60E0-623F-A91E-14E515C84094} = {882A1F17-F4DF-970C-7DD4-91E3E9888E10}
		{A1CA1E15-8D2D-AEB9-36B3-E66F22F5793C} = {882A1F17-F4DF-970C-7DD4-91E3E9888E10}
		{89654ECC-751D-9019-DE24-6975CAFB2A0A} = {882A1F17-F4DF-970C-7DD4-91E3E9888E10}
		{AEFD6AD8-9A8C-F4A1-43AB-089D2F190548} = {882A1F17-F4DF-970C-7DD4-91E3E9888E10}
	EndGlobalSection
EndGlobal
